{
  "requires": true,
  "lockfileVersion": 1,
  "dependencies": {
    "bats": {
      "version": "1.2.1",
      "resolved": "https://registry.npmjs.org/bats/-/bats-1.2.1.tgz",
      "integrity": "sha512-2fcPDRQa/Kvh6j1IcCqsHpT5b9ObMzRzw6abC7Bg298PX8Qdh9VRkvO2WJUEhdyfjq2rLBCOAWdcv0tS4+xTUA==",
      "dev": true
    },
    "bats-assert": {
      "version": "2.0.0",
      "resolved": "https://registry.npmjs.org/bats-assert/-/bats-assert-2.0.0.tgz",
      "integrity": "sha512-qO3kNilWxW8iCONu9NDUfvsCiC6JzL6DPOc/DGq9z3bZ9/A7wURJ+FnFMxGbofOmWbCoy7pVhofn0o47A95qkQ==",
      "dev": true
    },
    "bats-support": {
      "version": "0.3.0",
      "resolved": "https://registry.npmjs.org/bats-support/-/bats-support-0.3.0.tgz",
      "integrity": "sha512-z+2WzXbI4OZgLnynydqH8GpI3+DcOtepO66PlK47SfEzTkiuV9hxn9eIQX+uLVFbt2Oqoc7Ky3TJ/N83lqD+cg==",
      "dev": true
    },
    "prettier": {
      "version": "2.2.1",
      "resolved": "https://registry.npmjs.org/prettier/-/prettier-2.2.1.tgz",
      "integrity": "sha512-PqyhM2yCjg/oKkFPtTGUojv7gnZAoG80ttl45O6x2Ug/rMJw4wcc9k6aaf2hibP7BGVCCM33gZoGjyvt9mm16Q=="
    }
  }
}
